
Microsoft Visual Studio Solution File, Format Version 12.00
# Visual Studio 15
Project("{FAE04EC0-301F-11D3-BF4B-00C04F79EFBC}") = "pom", "pom\pom.csproj", "{EC01B297-C25B-446E-96A4-E2153A5305CC}"
EndProject
Global
	GlobalSection(SolutionConfigurationPlatforms) = preSolution
		Debug|Any CPU = Debug|Any CPU
		Release|Any CPU = Release|Any CPU
	EndGlobalSection
	GlobalSection(ProjectConfigurationPlatforms) = postSolution
		{EC01B297-C25B-446E-96A4-E2153A5305CC}.Debug|Any CPU.ActiveCfg = Debug|Any CPU
		{EC01B297-C25B-446E-96A4-E2153A5305CC}.Debug|Any CPU.Build.0 = Debug|Any CPU
		{EC01B297-C25B-446E-96A4-E2153A5305CC}.Release|Any CPU.ActiveCfg = Release|Any CPU
		{EC01B297-C25B-446E-96A4-E2153A5305CC}.Release|Any CPU.Build.0 = Release|Any CPU
	EndGlobalSection
EndGlobal
